
Microsoft Visual Studio Solution File, Format Version 12.00
# Visual Studio Version 17
VisualStudioVersion = 17.9.34902.65
MinimumVisualStudioVersion = 10.0.40219.1
Project("{FAE04EC0-301F-11D3-BF4B-00C04F79EFBC}") = "Demo.AI.API", "Demo.AI.API.csproj", "{24E21790-5370-49AD-91D2-303AAC635C1D}"
EndProject
Global
	GlobalSection(SolutionConfigurationPlatforms) = preSolution
		Debug|Any CPU = Debug|Any CPU
		Release|Any CPU = Release|Any CPU
	EndGlobalSection
	GlobalSection(ProjectConfigurationPlatforms) = postSolution
		{24E21790-5370-49AD-91D2-303AAC635C1D}.Debug|Any CPU.ActiveCfg = Debug|Any CPU
		{24E21790-5370-49AD-91D2-303AAC635C1D}.Debug|Any CPU.Build.0 = Debug|Any CPU
		{24E21790-5370-49AD-91D2-303AAC635C1D}.Release|Any CPU.ActiveCfg = Release|Any CPU
		{24E21790-5370-49AD-91D2-303AAC635C1D}.Release|Any CPU.Build.0 = Release|Any CPU
	EndGlobalSection
	GlobalSection(SolutionProperties) = preSolution
		HideSolutionNode = FALSE
	EndGlobalSection
	GlobalSection(ExtensibilityGlobals) = postSolution
		SolutionGuid = {7A51BB06-86F7-4A6B-8084-33E6E0875B4E}
	EndGlobalSection
EndGlobal
